
Microsoft Visual Studio Solution File, Format Version 12.00
# Visual Studio Version 17
VisualStudioVersion = 17.0.31903.59
MinimumVisualStudioVersion = 10.0.40219.1
Project("{2150E333-8FDC-42A3-9474-1A3956D46DE8}") = "src", "src", "{8DA6850B-5AB2-4BF2-81A0-3A7A9D4818F7}"
EndProject
Project("{FAE04EC0-301F-11D3-BF4B-00C04F79EFBC}") = "Caisson.Domain", "src\Caisson.Domain\Caisson.Domain.csproj", "{739331BE-14A3-4C66-9138-86899D7EBBFB}"
EndProject
Project("{FAE04EC0-301F-11D3-BF4B-00C04F79EFBC}") = "Caisson.Infrastructure", "src\Caisson.Infrastructure\Caisson.Infrastructure.csproj", "{DCA7ADD5-8EC9-4DA4-8C24-CD748E33BC6B}"
EndProject
Project("{FAE04EC0-301F-11D3-BF4B-00C04F79EFBC}") = "Caisson.Drivers.Abstractions", "src\Caisson.Drivers.Abstractions\Caisson.Drivers.Abstractions.csproj", "{203EE0CB-36B1-4BCC-94E3-5F8BA8C66093}"
EndProject
Project("{2150E333-8FDC-42A3-9474-1A3956D46DE8}") = "tests", "tests", "{ECD908A9-44C5-454E-8C33-1B6347663736}"
EndProject
Project("{FAE04EC0-301F-11D3-BF4B-00C04F79EFBC}") = "Caisson.Domain.Tests", "tests\Caisson.Domain.Tests\Caisson.Domain.Tests.csproj", "{13BB8E1F-6885-4216-BFB7-89F45A21BBBD}"
EndProject
Project("{FAE04EC0-301F-11D3-BF4B-00C04F79EFBC}") = "Caisson.Infrastructure.Tests", "tests\Caisson.Infrastructure.Tests\Caisson.Infrastructure.Tests.csproj", "{75FEEAC9-E465-447D-A823-3D2462C3DEA4}"
EndProject
Project("{FAE04EC0-301F-11D3-BF4B-00C04F79EFBC}") = "Caisson.Drivers.Abstractions.Tests", "tests\Caisson.Drivers.Abstractions.Tests\Caisson.Drivers.Abstractions.Tests.csproj", "{266F9153-E1E9-4B53-9E13-12D8EF584320}"
EndProject
Project("{FAE04EC0-301F-11D3-BF4B-00C04F79EFBC}") = "Caisson.Drivers.MikroTik", "src\Caisson.Drivers.MikroTik\Caisson.Drivers.MikroTik.csproj", "{DE939CC6-0BC8-4EC6-ABE0-989D1BA1667E}"
EndProject
Project("{FAE04EC0-301F-11D3-BF4B-00C04F79EFBC}") = "Caisson.Drivers.MikroTik.Tests", "tests\Caisson.Drivers.MikroTik.Tests\Caisson.Drivers.MikroTik.Tests.csproj", "{27CBF62B-1E39-487A-8671-37F3378616E8}"
EndProject
Project("{FAE04EC0-301F-11D3-BF4B-00C04F79EFBC}") = "Caisson.Drivers.MikroTik.IntegrationTests", "tests\Caisson.Drivers.MikroTik.IntegrationTests\Caisson.Drivers.MikroTik.IntegrationTests.csproj", "{5FFBA4C3-CF89-43D5-A397-045CCB2155D9}"
EndProject
Project("{FAE04EC0-301F-11D3-BF4B-00C04F79EFBC}") = "Caisson.Drivers.Redfish", "src\Caisson.Drivers.Redfish\Caisson.Drivers.Redfish.csproj", "{0096EF48-E29A-43C1-B9D4-61C2E10D5DCE}"
EndProject
Project("{FAE04EC0-301F-11D3-BF4B-00C04F79EFBC}") = "Caisson.Drivers.Redfish.Tests", "tests\Caisson.Drivers.Redfish.Tests\Caisson.Drivers.Redfish.Tests.csproj", "{0C0692E5-C69E-4DE2-B0E2-A263030E1272}"
EndProject
Project("{FAE04EC0-301F-11D3-BF4B-00C04F79EFBC}") = "Caisson.Drivers.Redfish.IntegrationTests", "tests\Caisson.Drivers.Redfish.IntegrationTests\Caisson.Drivers.Redfish.IntegrationTests.csproj", "{B50BC17C-25E6-4424-8A72-2C3F6BA3FB91}"
EndProject
Project("{FAE04EC0-301F-11D3-BF4B-00C04F79EFBC}") = "Caisson.Correlation", "src\Caisson.Correlation\Caisson.Correlation.csproj", "{A1A0B97F-E1F8-41F0-88F5-C25559FAFD23}"
EndProject
Project("{FAE04EC0-301F-11D3-BF4B-00C04F79EFBC}") = "Caisson.Correlation.Tests", "tests\Caisson.Correlation.Tests\Caisson.Correlation.Tests.csproj", "{7FF33DE4-9A8B-43D2-998F-A7CC176696B1}"
EndProject
Project("{FAE04EC0-301F-11D3-BF4B-00C04F79EFBC}") = "Caisson.Api", "src\Caisson.Api\Caisson.Api.csproj", "{5FBBB70E-2DEE-42BE-8A1D-16A02C81933C}"
EndProject
Global
	GlobalSection(SolutionConfigurationPlatforms) = preSolution
		Debug|Any CPU = Debug|Any CPU
		Release|Any CPU = Release|Any CPU
	EndGlobalSection
	GlobalSection(SolutionProperties) = preSolution
		HideSolutionNode = FALSE
	EndGlobalSection
	GlobalSection(ProjectConfigurationPlatforms) = postSolution
		{739331BE-14A3-4C66-9138-86899D7EBBFB}.Debug|Any CPU.ActiveCfg = Debug|Any CPU
		{739331BE-14A3-4C66-9138-86899D7EBBFB}.Debug|Any CPU.Build.0 = Debug|Any CPU
		{739331BE-14A3-4C66-9138-86899D7EBBFB}.Release|Any CPU.ActiveCfg = Release|Any CPU
		{739331BE-14A3-4C66-9138-86899D7EBBFB}.Release|Any CPU.Build.0 = Release|Any CPU
		{DCA7ADD5-8EC9-4DA4-8C24-CD748E33BC6B}.Debug|Any CPU.ActiveCfg = Debug|Any CPU
		{DCA7ADD5-8EC9-4DA4-8C24-CD748E33BC6B}.Debug|Any CPU.Build.0 = Debug|Any CPU
		{DCA7ADD5-8EC9-4DA4-8C24-CD748E33BC6B}.Release|Any CPU.ActiveCfg = Release|Any CPU
		{DCA7ADD5-8EC9-4DA4-8C24-CD748E33BC6B}.Release|Any CPU.Build.0 = Release|Any CPU
		{13BB8E1F-6885-4216-BFB7-89F45A21BBBD}.Debug|Any CPU.ActiveCfg = Debug|Any CPU
		{13BB8E1F-6885-4216-BFB7-89F45A21BBBD}.Debug|Any CPU.Build.0 = Debug|Any CPU
		{13BB8E1F-6885-4216-BFB7-89F45A21BBBD}.Release|Any CPU.ActiveCfg = Release|Any CPU
		{13BB8E1F-6885-4216-BFB7-89F45A21BBBD}.Release|Any CPU.Build.0 = Release|Any CPU
		{75FEEAC9-E465-447D-A823-3D2462C3DEA4}.Debug|Any CPU.ActiveCfg = Debug|Any CPU
		{75FEEAC9-E465-447D-A823-3D2462C3DEA4}.Debug|Any CPU.Build.0 = Debug|Any CPU
		{75FEEAC9-E465-447D-A823-3D2462C3DEA4}.Release|Any CPU.ActiveCfg = Release|Any CPU
		{75FEEAC9-E465-447D-A823-3D2462C3DEA4}.Release|Any CPU.Build.0 = Release|Any CPU
		{203EE0CB-36B1-4BCC-94E3-5F8BA8C66093}.Debug|Any CPU.ActiveCfg = Debug|Any CPU
		{203EE0CB-36B1-4BCC-94E3-5F8BA8C66093}.Debug|Any CPU.Build.0 = Debug|Any CPU
		{203EE0CB-36B1-4BCC-94E3-5F8BA8C66093}.Release|Any CPU.ActiveCfg = Release|Any CPU
		{203EE0CB-36B1-4BCC-94E3-5F8BA8C66093}.Release|Any CPU.Build.0 = Release|Any CPU
		{266F9153-E1E9-4B53-9E13-12D8EF584320}.Debug|Any CPU.ActiveCfg = Debug|Any CPU
		{266F9153-E1E9-4B53-9E13-12D8EF584320}.Debug|Any CPU.Build.0 = Debug|Any CPU
		{266F9153-E1E9-4B53-9E13-12D8EF584320}.Release|Any CPU.ActiveCfg = Release|Any CPU
		{266F9153-E1E9-4B53-9E13-12D8EF584320}.Release|Any CPU.Build.0 = Release|Any CPU
		{DE939CC6-0BC8-4EC6-ABE0-989D1BA1667E}.Debug|Any CPU.ActiveCfg = Debug|Any CPU
		{DE939CC6-0BC8-4EC6-ABE0-989D1BA1667E}.Debug|Any CPU.Build.0 = Debug|Any CPU
		{DE939CC6-0BC8-4EC6-ABE0-989D1BA1667E}.Release|Any CPU.ActiveCfg = Release|Any CPU
		{DE939CC6-0BC8-4EC6-ABE0-989D1BA1667E}.Release|Any CPU.Build.0 = Release|Any CPU
		{27CBF62B-1E39-487A-8671-37F3378616E8}.Debug|Any CPU.ActiveCfg = Debug|Any CPU
		{27CBF62B-1E39-487A-8671-37F3378616E8}.Debug|Any CPU.Build.0 = Debug|Any CPU
		{27CBF62B-1E39-487A-8671-37F3378616E8}.Release|Any CPU.ActiveCfg = Release|Any CPU
		{27CBF62B-1E39-487A-8671-37F3378616E8}.Release|Any CPU.Build.0 = Release|Any CPU
		{5FFBA4C3-CF89-43D5-A397-045CCB2155D9}.Debug|Any CPU.ActiveCfg = Debug|Any CPU
		{5FFBA4C3-CF89-43D5-A397-045CCB2155D9}.Debug|Any CPU.Build.0 = Debug|Any CPU
		{5FFBA4C3-CF89-43D5-A397-045CCB2155D9}.Release|Any CPU.ActiveCfg = Release|Any CPU
		{5FFBA4C3-CF89-43D5-A397-045CCB2155D9}.Release|Any CPU.Build.0 = Release|Any CPU
		{0096EF48-E29A-43C1-B9D4-61C2E10D5DCE}.Debug|Any CPU.ActiveCfg = Debug|Any CPU
		{0096EF48-E29A-43C1-B9D4-61C2E10D5DCE}.Debug|Any CPU.Build.0 = Debug|Any CPU
		{0096EF48-E29A-43C1-B9D4-61C2E10D5DCE}.Release|Any CPU.ActiveCfg = Release|Any CPU
		{0096EF48-E29A-43C1-B9D4-61C2E10D5DCE}.Release|Any CPU.Build.0 = Release|Any CPU
		{0C0692E5-C69E-4DE2-B0E2-A263030E1272}.Debug|Any CPU.ActiveCfg = Debug|Any CPU
		{0C0692E5-C69E-4DE2-B0E2-A263030E1272}.Debug|Any CPU.Build.0 = Debug|Any CPU
		{0C0692E5-C69E-4DE2-B0E2-A263030E1272}.Release|Any CPU.ActiveCfg = Release|Any CPU
		{0C0692E5-C69E-4DE2-B0E2-A263030E1272}.Release|Any CPU.Build.0 = Release|Any CPU
		{B50BC17C-25E6-4424-8A72-2C3F6BA3FB91}.Debug|Any CPU.ActiveCfg = Debug|Any CPU
		{B50BC17C-25E6-4424-8A72-2C3F6BA3FB91}.Debug|Any CPU.Build.0 = Debug|Any CPU
		{B50BC17C-25E6-4424-8A72-2C3F6BA3FB91}.Release|Any CPU.ActiveCfg = Release|Any CPU
		{B50BC17C-25E6-4424-8A72-2C3F6BA3FB91}.Release|Any CPU.Build.0 = Release|Any CPU
		{A1A0B97F-E1F8-41F0-88F5-C25559FAFD23}.Debug|Any CPU.ActiveCfg = Debug|Any CPU
		{A1A0B97F-E1F8-41F0-88F5-C25559FAFD23}.Debug|Any CPU.Build.0 = Debug|Any CPU
		{A1A0B97F-E1F8-41F0-88F5-C25559FAFD23}.Release|Any CPU.ActiveCfg = Release|Any CPU
		{A1A0B97F-E1F8-41F0-88F5-C25559FAFD23}.Release|Any CPU.Build.0 = Release|Any CPU
		{7FF33DE4-9A8B-43D2-998F-A7CC176696B1}.Debug|Any CPU.ActiveCfg = Debug|Any CPU
		{7FF33DE4-9A8B-43D2-998F-A7CC176696B1}.Debug|Any CPU.Build.0 = Debug|Any CPU
		{7FF33DE4-9A8B-43D2-998F-A7CC176696B1}.Release|Any CPU.ActiveCfg = Release|Any CPU
		{7FF33DE4-9A8B-43D2-998F-A7CC176696B1}.Release|Any CPU.Build.0 = Release|Any CPU
		{5FBBB70E-2DEE-42BE-8A1D-16A02C81933C}.Debug|Any CPU.ActiveCfg = Debug|Any CPU
		{5FBBB70E-2DEE-42BE-8A1D-16A02C81933C}.Debug|Any CPU.Build.0 = Debug|Any CPU
		{5FBBB70E-2DEE-42BE-8A1D-16A02C81933C}.Release|Any CPU.ActiveCfg = Release|Any CPU
		{5FBBB70E-2DEE-42BE-8A1D-16A02C81933C}.Release|Any CPU.Build.0 = Release|Any CPU
	EndGlobalSection
	GlobalSection(NestedProjects) = preSolution
		{739331BE-14A3-4C66-9138-86899D7EBBFB} = {8DA6850B-5AB2-4BF2-81A0-3A7A9D4818F7}
		{DCA7ADD5-8EC9-4DA4-8C24-CD748E33BC6B} = {8DA6850B-5AB2-4BF2-81A0-3A7A9D4818F7}
		{203EE0CB-36B1-4BCC-94E3-5F8BA8C66093} = {8DA6850B-5AB2-4BF2-81A0-3A7A9D4818F7}
		{13BB8E1F-6885-4216-BFB7-89F45A21BBBD} = {ECD908A9-44C5-454E-8C33-1B6347663736}
		{75FEEAC9-E465-447D-A823-3D2462C3DEA4} = {ECD908A9-44C5-454E-8C33-1B6347663736}
		{266F9153-E1E9-4B53-9E13-12D8EF584320} = {ECD908A9-44C5-454E-8C33-1B6347663736}
		{DE939CC6-0BC8-4EC6-ABE0-989D1BA1667E} = {8DA6850B-5AB2-4BF2-81A0-3A7A9D4818F7}
		{27CBF62B-1E39-487A-8671-37F3378616E8} = {ECD908A9-44C5-454E-8C33-1B6347663736}
		{5FFBA4C3-CF89-43D5-A397-045CCB2155D9} = {ECD908A9-44C5-454E-8C33-1B6347663736}
		{0096EF48-E29A-43C1-B9D4-61C2E10D5DCE} = {8DA6850B-5AB2-4BF2-81A0-3A7A9D4818F7}
		{0C0692E5-C69E-4DE2-B0E2-A263030E1272} = {ECD908A9-44C5-454E-8C33-1B6347663736}
		{B50BC17C-25E6-4424-8A72-2C3F6BA3FB91} = {ECD908A9-44C5-454E-8C33-1B6347663736}
		{A1A0B97F-E1F8-41F0-88F5-C25559FAFD23} = {8DA6850B-5AB2-4BF2-81A0-3A7A9D4818F7}
		{7FF33DE4-9A8B-43D2-998F-A7CC176696B1} = {ECD908A9-44C5-454E-8C33-1B6347663736}
		{5FBBB70E-2DEE-42BE-8A1D-16A02C81933C} = {8DA6850B-5AB2-4BF2-81A0-3A7A9D4818F7}
	EndGlobalSection
EndGlobal
